
Microsoft Visual Studio Solution File, Format Version 12.00
# Visual Studio Version 17
VisualStudioVersion = 17.0.31903.59
MinimumVisualStudioVersion = 10.0.40219.1
Project("{FAE04EC0-301F-11D3-BF4B-00C04F79EFBC}") = "server", "server\server.csproj", "{DC7FFD04-D516-437F-9890-4909E1CFDAD7}"
EndProject
Project("{FAE04EC0-301F-11D3-BF4B-00C04F79EFBC}") = "common", "common\common.csproj", "{942D4DE2-48D1-4DF4-9EE9-1086F6211193}"
EndProject
Project("{FAE04EC0-301F-11D3-BF4B-00C04F79EFBC}") = "editor", "editor\editor.csproj", "{4450F0CA-3632-4DDD-B888-3F9D833FC196}"
EndProject
Project("{FAE04EC0-301F-11D3-BF4B-00C04F79EFBC}") = "client", "client\client.csproj", "{4178A4CA-6879-4E37-AA3C-0638B04A00AA}"
EndProject
Global
	GlobalSection(SolutionConfigurationPlatforms) = preSolution
		Debug|Any CPU = Debug|Any CPU
		Debug|x64 = Debug|x64
		Debug|x86 = Debug|x86
		Release|Any CPU = Release|Any CPU
		Release|x64 = Release|x64
		Release|x86 = Release|x86
	EndGlobalSection
	GlobalSection(ProjectConfigurationPlatforms) = postSolution
		{DC7FFD04-D516-437F-9890-4909E1CFDAD7}.Debug|Any CPU.ActiveCfg = Debug|Any CPU
		{DC7FFD04-D516-437F-9890-4909E1CFDAD7}.Debug|Any CPU.Build.0 = Debug|Any CPU
		{DC7FFD04-D516-437F-9890-4909E1CFDAD7}.Debug|x64.ActiveCfg = Debug|Any CPU
		{DC7FFD04-D516-437F-9890-4909E1CFDAD7}.Debug|x64.Build.0 = Debug|Any CPU
		{DC7FFD04-D516-437F-9890-4909E1CFDAD7}.Debug|x86.ActiveCfg = Debug|Any CPU
		{DC7FFD04-D516-437F-9890-4909E1CFDAD7}.Debug|x86.Build.0 = Debug|Any CPU
		{DC7FFD04-D516-437F-9890-4909E1CFDAD7}.Release|Any CPU.ActiveCfg = Release|Any CPU
		{DC7FFD04-D516-437F-9890-4909E1CFDAD7}.Release|Any CPU.Build.0 = Release|Any CPU
		{DC7FFD04-D516-437F-9890-4909E1CFDAD7}.Release|x64.ActiveCfg = Release|Any CPU
		{DC7FFD04-D516-437F-9890-4909E1CFDAD7}.Release|x64.Build.0 = Release|Any CPU
		{DC7FFD04-D516-437F-9890-4909E1CFDAD7}.Release|x86.ActiveCfg = Release|Any CPU
		{DC7FFD04-D516-437F-9890-4909E1CFDAD7}.Release|x86.Build.0 = Release|Any CPU
		{942D4DE2-48D1-4DF4-9EE9-1086F6211193}.Debug|Any CPU.ActiveCfg = Debug|Any CPU
		{942D4DE2-48D1-4DF4-9EE9-1086F6211193}.Debug|Any CPU.Build.0 = Debug|Any CPU
		{942D4DE2-48D1-4DF4-9EE9-1086F6211193}.Debug|x64.ActiveCfg = Debug|Any CPU
		{942D4DE2-48D1-4DF4-9EE9-1086F6211193}.Debug|x64.Build.0 = Debug|Any CPU
		{942D4DE2-48D1-4DF4-9EE9-1086F6211193}.Debug|x86.ActiveCfg = Debug|Any CPU
		{942D4DE2-48D1-4DF4-9EE9-1086F6211193}.Debug|x86.Build.0 = Debug|Any CPU
		{942D4DE2-48D1-4DF4-9EE9-1086F6211193}.Release|Any CPU.ActiveCfg = Release|Any CPU
		{942D4DE2-48D1-4DF4-9EE9-1086F6211193}.Release|Any CPU.Build.0 = Release|Any CPU
		{942D4DE2-48D1-4DF4-9EE9-1086F6211193}.Release|x64.ActiveCfg = Release|Any CPU
		{942D4DE2-48D1-4DF4-9EE9-1086F6211193}.Release|x64.Build.0 = Release|Any CPU
		{942D4DE2-48D1-4DF4-9EE9-1086F6211193}.Release|x86.ActiveCfg = Release|Any CPU
		{942D4DE2-48D1-4DF4-9EE9-1086F6211193}.Release|x86.Build.0 = Release|Any CPU
		{4450F0CA-3632-4DDD-B888-3F9D833FC196}.Debug|Any CPU.ActiveCfg = Debug|Any CPU
		{4450F0CA-3632-4DDD-B888-3F9D833FC196}.Debug|Any CPU.Build.0 = Debug|Any CPU
		{4450F0CA-3632-4DDD-B888-3F9D833FC196}.Debug|x64.ActiveCfg = Debug|Any CPU
		{4450F0CA-3632-4DDD-B888-3F9D833FC196}.Debug|x64.Build.0 = Debug|Any CPU
		{4450F0CA-3632-4DDD-B888-3F9D833FC196}.Debug|x86.ActiveCfg = Debug|Any CPU
		{4450F0CA-3632-4DDD-B888-3F9D833FC196}.Debug|x86.Build.0 = Debug|Any CPU
		{4450F0CA-3632-4DDD-B888-3F9D833FC196}.Release|Any CPU.ActiveCfg = Release|Any CPU
		{4450F0CA-3632-4DDD-B888-3F9D833FC196}.Release|Any CPU.Build.0 = Release|Any CPU
		{4450F0CA-3632-4DDD-B888-3F9D833FC196}.Release|x64.ActiveCfg = Release|Any CPU
		{4450F0CA-3632-4DDD-B888-3F9D833FC196}.Release|x64.Build.0 = Release|Any CPU
		{4450F0CA-3632-4DDD-B888-3F9D833FC196}.Release|x86.ActiveCfg = Release|Any CPU
		{4450F0CA-3632-4DDD-B888-3F9D833FC196}.Release|x86.Build.0 = Release|Any CPU
		{4178A4CA-6879-4E37-AA3C-0638B04A00AA}.Debug|Any CPU.ActiveCfg = Debug|Any CPU
		{4178A4CA-6879-4E37-AA3C-0638B04A00AA}.Debug|Any CPU.Build.0 = Debug|Any CPU
		{4178A4CA-6879-4E37-AA3C-0638B04A00AA}.Debug|x64.ActiveCfg = Debug|Any CPU
		{4178A4CA-6879-4E37-AA3C-0638B04A00AA}.Debug|x64.Build.0 = Debug|Any CPU
		{4178A4CA-6879-4E37-AA3C-0638B04A00AA}.Debug|x86.ActiveCfg = Debug|Any CPU
		{4178A4CA-6879-4E37-AA3C-0638B04A00AA}.Debug|x86.Build.0 = Debug|Any CPU
		{4178A4CA-6879-4E37-AA3C-0638B04A00AA}.Release|Any CPU.ActiveCfg = Release|Any CPU
		{4178A4CA-6879-4E37-AA3C-0638B04A00AA}.Release|Any CPU.Build.0 = Release|Any CPU
		{4178A4CA-6879-4E37-AA3C-0638B04A00AA}.Release|x64.ActiveCfg = Release|Any CPU
		{4178A4CA-6879-4E37-AA3C-0638B04A00AA}.Release|x64.Build.0 = Release|Any CPU
		{4178A4CA-6879-4E37-AA3C-0638B04A00AA}.Release|x86.ActiveCfg = Release|Any CPU
		{4178A4CA-6879-4E37-AA3C-0638B04A00AA}.Release|x86.Build.0 = Release|Any CPU
	EndGlobalSection
	GlobalSection(SolutionProperties) = preSolution
		HideSolutionNode = FALSE
	EndGlobalSection
EndGlobal
