
Microsoft Visual Studio Solution File, Format Version 12.00
# Visual Studio Version 17
VisualStudioVersion = 17.7.34031.279
MinimumVisualStudioVersion = 10.0.40219.1
Project("{9A19103F-16F7-4668-BE54-9A1E7A4F7556}") = "client", "client\client.csproj", "{762BC1F6-937A-4E08-B1EF-2F2BAFA6A102}"
	ProjectSection(ProjectDependencies) = postProject
		{6D43A694-37EA-4763-B24E-5197693E66E8} = {6D43A694-37EA-4763-B24E-5197693E66E8}
	EndProjectSection
EndProject
Project("{9A19103F-16F7-4668-BE54-9A1E7A4F7556}") = "server", "server\server.csproj", "{F939FB1E-A63A-4F87-8AFF-A3E1F249386D}"
EndProject
Project("{9A19103F-16F7-4668-BE54-9A1E7A4F7556}") = "common", "common\common.csproj", "{6D43A694-37EA-4763-B24E-5197693E66E8}"
EndProject
Project("{7CF6DF6D-3B04-46F8-A40B-537D21BCA0B4}") = "documentation", "documentation\documentation.shfbproj", "{0B0CD569-86E1-4F80-854A-7B639EB3818B}"
EndProject
Project("{D954291E-2A0B-460D-934E-DC6B0785DB48}") = "aneirin", "..\aneirin\aneirin.shproj", "{E3C71095-CC72-4B64-B39E-ABD593175922}"
EndProject
Project("{D954291E-2A0B-460D-934E-DC6B0785DB48}") = "design", "..\design\design.shproj", "{00F61B33-F413-41F0-B105-EDA74171E545}"
EndProject
Project("{9A19103F-16F7-4668-BE54-9A1E7A4F7556}") = "editor", "editor\editor.csproj", "{98FE4B89-EB61-43FE-B42C-79D19D084ACE}"
EndProject
Global
	GlobalSection(SolutionConfigurationPlatforms) = preSolution
		Debug|Any CPU = Debug|Any CPU
		Debug|ARM = Debug|ARM
		Debug|x64 = Debug|x64
		Debug|x86 = Debug|x86
		Release|Any CPU = Release|Any CPU
		Release|ARM = Release|ARM
		Release|x64 = Release|x64
		Release|x86 = Release|x86
	EndGlobalSection
	GlobalSection(ProjectConfigurationPlatforms) = postSolution
		{762BC1F6-937A-4E08-B1EF-2F2BAFA6A102}.Debug|Any CPU.ActiveCfg = Debug|Any CPU
		{762BC1F6-937A-4E08-B1EF-2F2BAFA6A102}.Debug|Any CPU.Build.0 = Debug|Any CPU
		{762BC1F6-937A-4E08-B1EF-2F2BAFA6A102}.Debug|ARM.ActiveCfg = Debug|Any CPU
		{762BC1F6-937A-4E08-B1EF-2F2BAFA6A102}.Debug|ARM.Build.0 = Debug|Any CPU
		{762BC1F6-937A-4E08-B1EF-2F2BAFA6A102}.Debug|x64.ActiveCfg = Debug|Any CPU
		{762BC1F6-937A-4E08-B1EF-2F2BAFA6A102}.Debug|x64.Build.0 = Debug|Any CPU
		{762BC1F6-937A-4E08-B1EF-2F2BAFA6A102}.Debug|x86.ActiveCfg = Debug|Any CPU
		{762BC1F6-937A-4E08-B1EF-2F2BAFA6A102}.Debug|x86.Build.0 = Debug|Any CPU
		{762BC1F6-937A-4E08-B1EF-2F2BAFA6A102}.Release|Any CPU.ActiveCfg = Release|Any CPU
		{762BC1F6-937A-4E08-B1EF-2F2BAFA6A102}.Release|Any CPU.Build.0 = Release|Any CPU
		{762BC1F6-937A-4E08-B1EF-2F2BAFA6A102}.Release|ARM.ActiveCfg = Release|Any CPU
		{762BC1F6-937A-4E08-B1EF-2F2BAFA6A102}.Release|ARM.Build.0 = Release|Any CPU
		{762BC1F6-937A-4E08-B1EF-2F2BAFA6A102}.Release|x64.ActiveCfg = Release|Any CPU
		{762BC1F6-937A-4E08-B1EF-2F2BAFA6A102}.Release|x64.Build.0 = Release|Any CPU
		{762BC1F6-937A-4E08-B1EF-2F2BAFA6A102}.Release|x86.ActiveCfg = Release|Any CPU
		{762BC1F6-937A-4E08-B1EF-2F2BAFA6A102}.Release|x86.Build.0 = Release|Any CPU
		{F939FB1E-A63A-4F87-8AFF-A3E1F249386D}.Debug|Any CPU.ActiveCfg = Debug|Any CPU
		{F939FB1E-A63A-4F87-8AFF-A3E1F249386D}.Debug|Any CPU.Build.0 = Debug|Any CPU
		{F939FB1E-A63A-4F87-8AFF-A3E1F249386D}.Debug|ARM.ActiveCfg = Debug|Any CPU
		{F939FB1E-A63A-4F87-8AFF-A3E1F249386D}.Debug|ARM.Build.0 = Debug|Any CPU
		{F939FB1E-A63A-4F87-8AFF-A3E1F249386D}.Debug|x64.ActiveCfg = Debug|Any CPU
		{F939FB1E-A63A-4F87-8AFF-A3E1F249386D}.Debug|x64.Build.0 = Debug|Any CPU
		{F939FB1E-A63A-4F87-8AFF-A3E1F249386D}.Debug|x86.ActiveCfg = Debug|Any CPU
		{F939FB1E-A63A-4F87-8AFF-A3E1F249386D}.Debug|x86.Build.0 = Debug|Any CPU
		{F939FB1E-A63A-4F87-8AFF-A3E1F249386D}.Release|Any CPU.ActiveCfg = Release|Any CPU
		{F939FB1E-A63A-4F87-8AFF-A3E1F249386D}.Release|Any CPU.Build.0 = Release|Any CPU
		{F939FB1E-A63A-4F87-8AFF-A3E1F249386D}.Release|ARM.ActiveCfg = Release|Any CPU
		{F939FB1E-A63A-4F87-8AFF-A3E1F249386D}.Release|ARM.Build.0 = Release|Any CPU
		{F939FB1E-A63A-4F87-8AFF-A3E1F249386D}.Release|x64.ActiveCfg = Release|Any CPU
		{F939FB1E-A63A-4F87-8AFF-A3E1F249386D}.Release|x64.Build.0 = Release|Any CPU
		{F939FB1E-A63A-4F87-8AFF-A3E1F249386D}.Release|x86.ActiveCfg = Release|Any CPU
		{F939FB1E-A63A-4F87-8AFF-A3E1F249386D}.Release|x86.Build.0 = Release|Any CPU
		{6D43A694-37EA-4763-B24E-5197693E66E8}.Debug|Any CPU.ActiveCfg = Debug|Any CPU
		{6D43A694-37EA-4763-B24E-5197693E66E8}.Debug|Any CPU.Build.0 = Debug|Any CPU
		{6D43A694-37EA-4763-B24E-5197693E66E8}.Debug|ARM.ActiveCfg = Debug|Any CPU
		{6D43A694-37EA-4763-B24E-5197693E66E8}.Debug|ARM.Build.0 = Debug|Any CPU
		{6D43A694-37EA-4763-B24E-5197693E66E8}.Debug|x64.ActiveCfg = Debug|Any CPU
		{6D43A694-37EA-4763-B24E-5197693E66E8}.Debug|x64.Build.0 = Debug|Any CPU
		{6D43A694-37EA-4763-B24E-5197693E66E8}.Debug|x86.ActiveCfg = Debug|Any CPU
		{6D43A694-37EA-4763-B24E-5197693E66E8}.Debug|x86.Build.0 = Debug|Any CPU
		{6D43A694-37EA-4763-B24E-5197693E66E8}.Release|Any CPU.ActiveCfg = Release|Any CPU
		{6D43A694-37EA-4763-B24E-5197693E66E8}.Release|Any CPU.Build.0 = Release|Any CPU
		{6D43A694-37EA-4763-B24E-5197693E66E8}.Release|ARM.ActiveCfg = Release|Any CPU
		{6D43A694-37EA-4763-B24E-5197693E66E8}.Release|ARM.Build.0 = Release|Any CPU
		{6D43A694-37EA-4763-B24E-5197693E66E8}.Release|x64.ActiveCfg = Release|Any CPU
		{6D43A694-37EA-4763-B24E-5197693E66E8}.Release|x64.Build.0 = Release|Any CPU
		{6D43A694-37EA-4763-B24E-5197693E66E8}.Release|x86.ActiveCfg = Release|Any CPU
		{6D43A694-37EA-4763-B24E-5197693E66E8}.Release|x86.Build.0 = Release|Any CPU
		{0B0CD569-86E1-4F80-854A-7B639EB3818B}.Debug|Any CPU.ActiveCfg = Debug|Any CPU
		{0B0CD569-86E1-4F80-854A-7B639EB3818B}.Debug|Any CPU.Build.0 = Debug|Any CPU
		{0B0CD569-86E1-4F80-854A-7B639EB3818B}.Debug|ARM.ActiveCfg = Debug|Any CPU
		{0B0CD569-86E1-4F80-854A-7B639EB3818B}.Debug|ARM.Build.0 = Debug|Any CPU
		{0B0CD569-86E1-4F80-854A-7B639EB3818B}.Debug|x64.ActiveCfg = Debug|Any CPU
		{0B0CD569-86E1-4F80-854A-7B639EB3818B}.Debug|x64.Build.0 = Debug|Any CPU
		{0B0CD569-86E1-4F80-854A-7B639EB3818B}.Debug|x86.ActiveCfg = Debug|Any CPU
		{0B0CD569-86E1-4F80-854A-7B639EB3818B}.Debug|x86.Build.0 = Debug|Any CPU
		{0B0CD569-86E1-4F80-854A-7B639EB3818B}.Release|Any CPU.ActiveCfg = Release|Any CPU
		{0B0CD569-86E1-4F80-854A-7B639EB3818B}.Release|Any CPU.Build.0 = Release|Any CPU
		{0B0CD569-86E1-4F80-854A-7B639EB3818B}.Release|ARM.ActiveCfg = Release|Any CPU
		{0B0CD569-86E1-4F80-854A-7B639EB3818B}.Release|ARM.Build.0 = Release|Any CPU
		{0B0CD569-86E1-4F80-854A-7B639EB3818B}.Release|x64.ActiveCfg = Release|Any CPU
		{0B0CD569-86E1-4F80-854A-7B639EB3818B}.Release|x64.Build.0 = Release|Any CPU
		{0B0CD569-86E1-4F80-854A-7B639EB3818B}.Release|x86.ActiveCfg = Release|Any CPU
		{0B0CD569-86E1-4F80-854A-7B639EB3818B}.Release|x86.Build.0 = Release|Any CPU
		{98FE4B89-EB61-43FE-B42C-79D19D084ACE}.Debug|Any CPU.ActiveCfg = Debug|Any CPU
		{98FE4B89-EB61-43FE-B42C-79D19D084ACE}.Debug|Any CPU.Build.0 = Debug|Any CPU
		{98FE4B89-EB61-43FE-B42C-79D19D084ACE}.Debug|ARM.ActiveCfg = Debug|Any CPU
		{98FE4B89-EB61-43FE-B42C-79D19D084ACE}.Debug|ARM.Build.0 = Debug|Any CPU
		{98FE4B89-EB61-43FE-B42C-79D19D084ACE}.Debug|x64.ActiveCfg = Debug|Any CPU
		{98FE4B89-EB61-43FE-B42C-79D19D084ACE}.Debug|x64.Build.0 = Debug|Any CPU
		{98FE4B89-EB61-43FE-B42C-79D19D084ACE}.Debug|x86.ActiveCfg = Debug|Any CPU
		{98FE4B89-EB61-43FE-B42C-79D19D084ACE}.Debug|x86.Build.0 = Debug|Any CPU
		{98FE4B89-EB61-43FE-B42C-79D19D084ACE}.Release|Any CPU.ActiveCfg = Release|Any CPU
		{98FE4B89-EB61-43FE-B42C-79D19D084ACE}.Release|Any CPU.Build.0 = Release|Any CPU
		{98FE4B89-EB61-43FE-B42C-79D19D084ACE}.Release|ARM.ActiveCfg = Release|Any CPU
		{98FE4B89-EB61-43FE-B42C-79D19D084ACE}.Release|ARM.Build.0 = Release|Any CPU
		{98FE4B89-EB61-43FE-B42C-79D19D084ACE}.Release|x64.ActiveCfg = Release|Any CPU
		{98FE4B89-EB61-43FE-B42C-79D19D084ACE}.Release|x64.Build.0 = Release|Any CPU
		{98FE4B89-EB61-43FE-B42C-79D19D084ACE}.Release|x86.ActiveCfg = Release|Any CPU
		{98FE4B89-EB61-43FE-B42C-79D19D084ACE}.Release|x86.Build.0 = Release|Any CPU
	EndGlobalSection
	GlobalSection(SolutionProperties) = preSolution
		HideSolutionNode = FALSE
	EndGlobalSection
	GlobalSection(ExtensibilityGlobals) = postSolution
		SolutionGuid = {F3510BE6-8B2A-4E5B-9A8A-DBC2BC058594}
	EndGlobalSection
	GlobalSection(SharedMSBuildProjectFiles) = preSolution
		..\design\design.projitems*{00f61b33-f413-41f0-b105-eda74171e545}*SharedItemsImports = 13
		..\aneirin\aneirin.projitems*{e3c71095-cc72-4b64-b39e-abd593175922}*SharedItemsImports = 13
	EndGlobalSection
EndGlobal
